# Validated target: CPython 3.13, Windows x64. Observed Python 3.13.7.
# Scientific execution remains CPU-only. Wheel hashes captured from PyPI downloads.
numpy==2.2.6 --hash=sha256:b0544343a702fa80c95ad5d3d608ea3599dd54d4632df855e4c8d24eb6ecfa1c
pip==25.3 --hash=sha256:9655943313a94722b7774661c21049070f6bbb0a1516bf02f7c8d5d9201514cd
psutil==6.1.1 --hash=sha256:f35cfccb065fff93529d2afb4a2e89e363fe63ca1e4a5da22b603a85833c2649
scipy==1.15.1 --hash=sha256:c352c1b6d7cac452534517e022f8f7b8d139cd9f27e6fbd9f3cbd0bfd39f5bef
setuptools==82.0.1 --hash=sha256:a59e362652f08dcd477c78bb6e7bd9d80a7995bc73ce773050228a348ce2e5bb
wheel==0.45.1 --hash=sha256:708e7481cc80179af0e556bbf0cc00b8444c7321e2700b8d8580231d13017248
